
Microsoft Visual Studio Solution File, Format Version 12.00
# Visual Studio Version 17
VisualStudioVersion = 17.3.32922.545
MinimumVisualStudioVersion = 10.0.40219.1
Project("{9A19103F-16F7-4668-BE54-9A1E7A4F7556}") = "RealEstate.PresentationLayer", "RealEstate.PresentationLayer\RealEstate.PresentationLayer.csproj", "{618BBE57-7EAF-4B73-B300-85E0D7340719}"
EndProject
Project("{9A19103F-16F7-4668-BE54-9A1E7A4F7556}") = "RealEstate.DataAccessLayer", "RealEstate.DataAccessLayer\RealEstate.DataAccessLayer.csproj", "{5184543B-4635-4899-952C-E1108AE11E5D}"
EndProject
Project("{9A19103F-16F7-4668-BE54-9A1E7A4F7556}") = "RealEstate.EntityLayer", "RealEstate.EntityLayer\RealEstate.EntityLayer.csproj", "{1DC5C22A-162A-4CBF-B2B3-A3F612A01F31}"
EndProject
Project("{9A19103F-16F7-4668-BE54-9A1E7A4F7556}") = "RealEstate.BusinessLayer", "RealEstate.BusinessLayer\RealEstate.BusinessLayer.csproj", "{FAB8D0E6-1329-4130-AADA-DAA05ED404F5}"
EndProject
Project("{FAE04EC0-301F-11D3-BF4B-00C04F79EFBC}") = "RealEstate.DTOLayer", "RealEstate.DTOLayer\RealEstate.DTOLayer.csproj", "{B5354429-A94F-4937-B1DE-7DF8003A0625}"
EndProject
Global
	GlobalSection(SolutionConfigurationPlatforms) = preSolution
		Debug|Any CPU = Debug|Any CPU
		Release|Any CPU = Release|Any CPU
	EndGlobalSection
	GlobalSection(ProjectConfigurationPlatforms) = postSolution
		{618BBE57-7EAF-4B73-B300-85E0D7340719}.Debug|Any CPU.ActiveCfg = Debug|Any CPU
		{618BBE57-7EAF-4B73-B300-85E0D7340719}.Debug|Any CPU.Build.0 = Debug|Any CPU
		{618BBE57-7EAF-4B73-B300-85E0D7340719}.Release|Any CPU.ActiveCfg = Release|Any CPU
		{618BBE57-7EAF-4B73-B300-85E0D7340719}.Release|Any CPU.Build.0 = Release|Any CPU
		{5184543B-4635-4899-952C-E1108AE11E5D}.Debug|Any CPU.ActiveCfg = Debug|Any CPU
		{5184543B-4635-4899-952C-E1108AE11E5D}.Debug|Any CPU.Build.0 = Debug|Any CPU
		{5184543B-4635-4899-952C-E1108AE11E5D}.Release|Any CPU.ActiveCfg = Release|Any CPU
		{5184543B-4635-4899-952C-E1108AE11E5D}.Release|Any CPU.Build.0 = Release|Any CPU
		{1DC5C22A-162A-4CBF-B2B3-A3F612A01F31}.Debug|Any CPU.ActiveCfg = Debug|Any CPU
		{1DC5C22A-162A-4CBF-B2B3-A3F612A01F31}.Debug|Any CPU.Build.0 = Debug|Any CPU
		{1DC5C22A-162A-4CBF-B2B3-A3F612A01F31}.Release|Any CPU.ActiveCfg = Release|Any CPU
		{1DC5C22A-162A-4CBF-B2B3-A3F612A01F31}.Release|Any CPU.Build.0 = Release|Any CPU
		{FAB8D0E6-1329-4130-AADA-DAA05ED404F5}.Debug|Any CPU.ActiveCfg = Debug|Any CPU
		{FAB8D0E6-1329-4130-AADA-DAA05ED404F5}.Debug|Any CPU.Build.0 = Debug|Any CPU
		{FAB8D0E6-1329-4130-AADA-DAA05ED404F5}.Release|Any CPU.ActiveCfg = Release|Any CPU
		{FAB8D0E6-1329-4130-AADA-DAA05ED404F5}.Release|Any CPU.Build.0 = Release|Any CPU
		{B5354429-A94F-4937-B1DE-7DF8003A0625}.Debug|Any CPU.ActiveCfg = Debug|Any CPU
		{B5354429-A94F-4937-B1DE-7DF8003A0625}.Debug|Any CPU.Build.0 = Debug|Any CPU
		{B5354429-A94F-4937-B1DE-7DF8003A0625}.Release|Any CPU.ActiveCfg = Release|Any CPU
		{B5354429-A94F-4937-B1DE-7DF8003A0625}.Release|Any CPU.Build.0 = Release|Any CPU
	EndGlobalSection
	GlobalSection(SolutionProperties) = preSolution
		HideSolutionNode = FALSE
	EndGlobalSection
	GlobalSection(ExtensibilityGlobals) = postSolution
		SolutionGuid = {1A9A2551-7797-4AE2-BA93-7599966C02F6}
	EndGlobalSection
EndGlobal
